
Microsoft Visual Studio Solution File, Format Version 12.00
# Visual Studio Version 17
VisualStudioVersion = 17.14.36109.1 d17.14
MinimumVisualStudioVersion = 10.0.40219.1
Project("{FAE04EC0-301F-11D3-BF4B-00C04F79EFBC}") = "CodeCrewShop", "CodeCrewShop.csproj", "{1369E300-E30C-4887-AFD7-30E34E5B0563}"
EndProject
Global
	GlobalSection(SolutionConfigurationPlatforms) = preSolution
		Debug|Any CPU = Debug|Any CPU
		Release|Any CPU = Release|Any CPU
	EndGlobalSection
	GlobalSection(ProjectConfigurationPlatforms) = postSolution
		{1369E300-E30C-4887-AFD7-30E34E5B0563}.Debug|Any CPU.ActiveCfg = Debug|Any CPU
		{1369E300-E30C-4887-AFD7-30E34E5B0563}.Debug|Any CPU.Build.0 = Debug|Any CPU
		{1369E300-E30C-4887-AFD7-30E34E5B0563}.Release|Any CPU.ActiveCfg = Release|Any CPU
		{1369E300-E30C-4887-AFD7-30E34E5B0563}.Release|Any CPU.Build.0 = Release|Any CPU
	EndGlobalSection
	GlobalSection(SolutionProperties) = preSolution
		HideSolutionNode = FALSE
	EndGlobalSection
	GlobalSection(ExtensibilityGlobals) = postSolution
		SolutionGuid = {D6803D84-FB31-495C-9116-9EE27E3F954B}
	EndGlobalSection
EndGlobal
